# This file is automatically @generated by Cargo.
# It is not intended for manual editing.
version = 4

[[package]]
name = "xarast-app"
version = "0.0.1"
dependencies = [
 "xarast-doc",
 "xarast-format",
 "xarast-io",
 "xarast-render",
 "xarast-text",
 "xarast-xar",
]

[[package]]
name = "xarast-cli"
version = "0.0.1"
dependencies = [
 "xarast-app",
 "xarast-format",
 "xarast-io",
 "xarast-render",
 "xarast-xar",
]

[[package]]
name = "xarast-color"
version = "0.0.1"

[[package]]
name = "xarast-doc"
version = "0.0.1"
dependencies = [
 "xarast-color",
 "xarast-geom",
]

[[package]]
name = "xarast-format"
version = "0.0.1"
dependencies = [
 "xarast-doc",
]

[[package]]
name = "xarast-geom"
version = "0.0.1"

[[package]]
name = "xarast-image"
version = "0.0.1"
dependencies = [
 "xarast-color",
]

[[package]]
name = "xarast-io"
version = "0.0.1"
dependencies = [
 "xarast-doc",
 "xarast-image",
 "xarast-render",
]

[[package]]
name = "xarast-render"
version = "0.0.1"
dependencies = [
 "xarast-color",
 "xarast-geom",
 "xarast-image",
]

[[package]]
name = "xarast-shell"
version = "0.0.1"
dependencies = [
 "xarast-app",
 "xarast-render",
]

[[package]]
name = "xarast-text"
version = "0.0.1"
dependencies = [
 "xarast-geom",
]

[[package]]
name = "xarast-ui"
version = "0.0.1"
dependencies = [
 "xarast-app",
 "xarast-render",
]

[[package]]
name = "xarast-xar"
version = "0.0.1"
dependencies = [
 "xarast-color",
 "xarast-doc",
 "xarast-geom",
]
